
Microsoft Visual Studio Solution File, Format Version 12.00
# Visual Studio Version 16
VisualStudioVersion = 16.0.32106.194
MinimumVisualStudioVersion = 10.0.40219.1
Project("{FAE04EC0-301F-11D3-BF4B-00C04F79EFBC}") = "Tech Assignment 2 Basic Console App", "Tech Assignment 2 Basic Console App\Tech Assignment 2 Basic Console App.csproj", "{D28C6748-474D-4C78-A3DD-D3F1754526A4}"
EndProject
Global
	GlobalSection(SolutionConfigurationPlatforms) = preSolution
		Debug|Any CPU = Debug|Any CPU
		Release|Any CPU = Release|Any CPU
	EndGlobalSection
	GlobalSection(ProjectConfigurationPlatforms) = postSolution
		{D28C6748-474D-4C78-A3DD-D3F1754526A4}.Debug|Any CPU.ActiveCfg = Debug|Any CPU
		{D28C6748-474D-4C78-A3DD-D3F1754526A4}.Debug|Any CPU.Build.0 = Debug|Any CPU
		{D28C6748-474D-4C78-A3DD-D3F1754526A4}.Release|Any CPU.ActiveCfg = Release|Any CPU
		{D28C6748-474D-4C78-A3DD-D3F1754526A4}.Release|Any CPU.Build.0 = Release|Any CPU
	EndGlobalSection
	GlobalSection(SolutionProperties) = preSolution
		HideSolutionNode = FALSE
	EndGlobalSection
	GlobalSection(ExtensibilityGlobals) = postSolution
		SolutionGuid = {ECA20C4A-AA40-4E8C-A800-23E98011CD23}
	EndGlobalSection
EndGlobal
